{
  "name": "vmblu-examples",
  "version": "0.0.0",
  "lockfileVersion": 3,
  "requires": true,
  "packages": {
    "": {
      "name": "vmblu-examples",
      "version": "0.0.0",
      "workspaces": [
        "solar-system",
        "chat-application/chat-client",
        "chat-application/chat-server"
      ]
    },
    "chat-application/chat-client": {
      "version": "0.0.0",
      "dependencies": {
        "@vizualmodel/vmblu-runtime": "^0.4.0",
        "svelte": "^5.38.10"
      },
      "devDependencies": {
        "@sveltejs/vite-plugin-svelte": "^6.2.4",
        "@vizualmodel/vmblu-cli": "^0.5.4",
        "typescript": "^5.9.3",
        "vite": "^7.1.12"
      }
    },
    "chat-application/chat-client/node_modules/@esbuild/win32-x64": {
      "version": "0.27.7",
      "cpu": [
        "x64"
      ],
      "dev": true,
      "license": "MIT",
      "optional": true,
      "os": [
        "win32"
      ],
      "engines": {
        "node": ">=18"
      }
    },
    "chat-application/chat-client/node_modules/@jridgewell/gen-mapping": {
      "version": "0.3.13",
      "license": "MIT",
      "dependencies": {
        "@jridgewell/sourcemap-codec": "^1.5.0",
        "@jridgewell/trace-mapping": "^0.3.24"
      }
    },
    "chat-application/chat-client/node_modules/@jridgewell/remapping": {
      "version": "2.3.5",
      "license": "MIT",
      "dependencies": {
        "@jridgewell/gen-mapping": "^0.3.5",
        "@jridgewell/trace-mapping": "^0.3.24"
      }
    },
    "chat-application/chat-client/node_modules/@jridgewell/resolve-uri": {
      "version": "3.1.2",
      "license": "MIT",
      "engines": {
        "node": ">=6.0.0"
      }
    },
    "chat-application/chat-client/node_modules/@jridgewell/sourcemap-codec": {
      "version": "1.5.5",
      "license": "MIT"
    },
    "chat-application/chat-client/node_modules/@jridgewell/trace-mapping": {
      "version": "0.3.31",
      "license": "MIT",
      "dependencies": {
        "@jridgewell/resolve-uri": "^3.1.0",
        "@jridgewell/sourcemap-codec": "^1.4.14"
      }
    },
    "chat-application/chat-client/node_modules/@rollup/rollup-win32-x64-gnu": {
      "version": "4.60.4",
      "cpu": [
        "x64"
      ],
      "dev": true,
      "license": "MIT",
      "optional": true,
      "os": [
        "win32"
      ]
    },
    "chat-application/chat-client/node_modules/@rollup/rollup-win32-x64-msvc": {
      "version": "4.60.4",
      "cpu": [
        "x64"
      ],
      "dev": true,
      "license": "MIT",
      "optional": true,
      "os": [
        "win32"
      ]
    },
    "chat-application/chat-client/node_modules/@sveltejs/acorn-typescript": {
      "version": "1.0.9",
      "license": "MIT",
      "peerDependencies": {
        "acorn": "^8.9.0"
      }
    },
    "chat-application/chat-client/node_modules/@sveltejs/vite-plugin-svelte": {
      "version": "6.2.4",
      "dev": true,
      "license": "MIT",
      "dependencies": {
        "@sveltejs/vite-plugin-svelte-inspector": "^5.0.0",
        "deepmerge": "^4.3.1",
        "magic-string": "^0.30.21",
        "obug": "^2.1.0",
        "vitefu": "^1.1.1"
      },
      "engines": {
        "node": "^20.19 || ^22.12 || >=24"
      },
      "peerDependencies": {
        "svelte": "^5.0.0",
        "vite": "^6.3.0 || ^7.0.0"
      }
    },
    "chat-application/chat-client/node_modules/@sveltejs/vite-plugin-svelte-inspector": {
      "version": "5.0.2",
      "dev": true,
      "license": "MIT",
      "dependencies": {
        "obug": "^2.1.0"
      },
      "engines": {
        "node": "^20.19 || ^22.12 || >=24"
      },
      "peerDependencies": {
        "@sveltejs/vite-plugin-svelte": "^6.0.0-next.0",
        "svelte": "^5.0.0",
        "vite": "^6.3.0 || ^7.0.0"
      }
    },
    "chat-application/chat-client/node_modules/@types/estree": {
      "version": "1.0.9",
      "license": "MIT"
    },
    "chat-application/chat-client/node_modules/@types/trusted-types": {
      "version": "2.0.7",
      "license": "MIT"
    },
    "chat-application/chat-client/node_modules/acorn": {
      "version": "8.16.0",
      "license": "MIT",
      "bin": {
        "acorn": "bin/acorn"
      },
      "engines": {
        "node": ">=0.4.0"
      }
    },
    "chat-application/chat-client/node_modules/aria-query": {
      "version": "5.3.1",
      "license": "Apache-2.0",
      "engines": {
        "node": ">= 0.4"
      }
    },
    "chat-application/chat-client/node_modules/axobject-query": {
      "version": "4.1.0",
      "license": "Apache-2.0",
      "engines": {
        "node": ">= 0.4"
      }
    },
    "chat-application/chat-client/node_modules/clsx": {
      "version": "2.1.1",
      "license": "MIT",
      "engines": {
        "node": ">=6"
      }
    },
    "chat-application/chat-client/node_modules/deepmerge": {
      "version": "4.3.1",
      "dev": true,
      "license": "MIT",
      "engines": {
        "node": ">=0.10.0"
      }
    },
    "chat-application/chat-client/node_modules/devalue": {
      "version": "5.8.1",
      "license": "MIT"
    },
    "chat-application/chat-client/node_modules/esbuild": {
      "version": "0.27.7",
      "dev": true,
      "hasInstallScript": true,
      "license": "MIT",
      "bin": {
        "esbuild": "bin/esbuild"
      },
      "engines": {
        "node": ">=18"
      },
      "optionalDependencies": {
        "@esbuild/aix-ppc64": "0.27.7",
        "@esbuild/android-arm": "0.27.7",
        "@esbuild/android-arm64": "0.27.7",
        "@esbuild/android-x64": "0.27.7",
        "@esbuild/darwin-arm64": "0.27.7",
        "@esbuild/darwin-x64": "0.27.7",
        "@esbuild/freebsd-arm64": "0.27.7",
        "@esbuild/freebsd-x64": "0.27.7",
        "@esbuild/linux-arm": "0.27.7",
        "@esbuild/linux-arm64": "0.27.7",
        "@esbuild/linux-ia32": "0.27.7",
        "@esbuild/linux-loong64": "0.27.7",
        "@esbuild/linux-mips64el": "0.27.7",
        "@esbuild/linux-ppc64": "0.27.7",
        "@esbuild/linux-riscv64": "0.27.7",
        "@esbuild/linux-s390x": "0.27.7",
        "@esbuild/linux-x64": "0.27.7",
        "@esbuild/netbsd-arm64": "0.27.7",
        "@esbuild/netbsd-x64": "0.27.7",
        "@esbuild/openbsd-arm64": "0.27.7",
        "@esbuild/openbsd-x64": "0.27.7",
        "@esbuild/openharmony-arm64": "0.27.7",
        "@esbuild/sunos-x64": "0.27.7",
        "@esbuild/win32-arm64": "0.27.7",
        "@esbuild/win32-ia32": "0.27.7",
        "@esbuild/win32-x64": "0.27.7"
      }
    },
    "chat-application/chat-client/node_modules/esm-env": {
      "version": "1.2.2",
      "license": "MIT"
    },
    "chat-application/chat-client/node_modules/esrap": {
      "version": "2.2.9",
      "license": "MIT",
      "dependencies": {
        "@jridgewell/sourcemap-codec": "^1.4.15"
      },
      "peerDependencies": {
        "@typescript-eslint/types": "^8.2.0"
      },
      "peerDependenciesMeta": {
        "@typescript-eslint/types": {
          "optional": true
        }
      }
    },
    "chat-application/chat-client/node_modules/is-reference": {
      "version": "3.0.3",
      "license": "MIT",
      "dependencies": {
        "@types/estree": "^1.0.6"
      }
    },
    "chat-application/chat-client/node_modules/locate-character": {
      "version": "3.0.0",
      "license": "MIT"
    },
    "chat-application/chat-client/node_modules/magic-string": {
      "version": "0.30.21",
      "license": "MIT",
      "dependencies": {
        "@jridgewell/sourcemap-codec": "^1.5.5"
      }
    },
    "chat-application/chat-client/node_modules/nanoid": {
      "version": "3.3.12",
      "dev": true,
      "funding": [
        {
          "type": "github",
          "url": "https://github.com/sponsors/ai"
        }
      ],
      "license": "MIT",
      "bin": {
        "nanoid": "bin/nanoid.cjs"
      },
      "engines": {
        "node": "^10 || ^12 || ^13.7 || ^14 || >=15.0.1"
      }
    },
    "chat-application/chat-client/node_modules/obug": {
      "version": "2.1.1",
      "dev": true,
      "funding": [
        "https://github.com/sponsors/sxzz",
        "https://opencollective.com/debug"
      ],
      "license": "MIT"
    },
    "chat-application/chat-client/node_modules/picocolors": {
      "version": "1.1.1",
      "dev": true,
      "license": "ISC"
    },
    "chat-application/chat-client/node_modules/postcss": {
      "version": "8.5.15",
      "dev": true,
      "funding": [
        {
          "type": "opencollective",
          "url": "https://opencollective.com/postcss/"
        },
        {
          "type": "tidelift",
          "url": "https://tidelift.com/funding/github/npm/postcss"
        },
        {
          "type": "github",
          "url": "https://github.com/sponsors/ai"
        }
      ],
      "license": "MIT",
      "dependencies": {
        "nanoid": "^3.3.12",
        "picocolors": "^1.1.1",
        "source-map-js": "^1.2.1"
      },
      "engines": {
        "node": "^10 || ^12 || >=14"
      }
    },
    "chat-application/chat-client/node_modules/rollup": {
      "version": "4.60.4",
      "dev": true,
      "license": "MIT",
      "dependencies": {
        "@types/estree": "1.0.8"
      },
      "bin": {
        "rollup": "dist/bin/rollup"
      },
      "engines": {
        "node": ">=18.0.0",
        "npm": ">=8.0.0"
      },
      "optionalDependencies": {
        "@rollup/rollup-android-arm-eabi": "4.60.4",
        "@rollup/rollup-android-arm64": "4.60.4",
        "@rollup/rollup-darwin-arm64": "4.60.4",
        "@rollup/rollup-darwin-x64": "4.60.4",
        "@rollup/rollup-freebsd-arm64": "4.60.4",
        "@rollup/rollup-freebsd-x64": "4.60.4",
        "@rollup/rollup-linux-arm-gnueabihf": "4.60.4",
        "@rollup/rollup-linux-arm-musleabihf": "4.60.4",
        "@rollup/rollup-linux-arm64-gnu": "4.60.4",
        "@rollup/rollup-linux-arm64-musl": "4.60.4",
        "@rollup/rollup-linux-loong64-gnu": "4.60.4",
        "@rollup/rollup-linux-loong64-musl": "4.60.4",
        "@rollup/rollup-linux-ppc64-gnu": "4.60.4",
        "@rollup/rollup-linux-ppc64-musl": "4.60.4",
        "@rollup/rollup-linux-riscv64-gnu": "4.60.4",
        "@rollup/rollup-linux-riscv64-musl": "4.60.4",
        "@rollup/rollup-linux-s390x-gnu": "4.60.4",
        "@rollup/rollup-linux-x64-gnu": "4.60.4",
        "@rollup/rollup-linux-x64-musl": "4.60.4",
        "@rollup/rollup-openbsd-x64": "4.60.4",
        "@rollup/rollup-openharmony-arm64": "4.60.4",
        "@rollup/rollup-win32-arm64-msvc": "4.60.4",
        "@rollup/rollup-win32-ia32-msvc": "4.60.4",
        "@rollup/rollup-win32-x64-gnu": "4.60.4",
        "@rollup/rollup-win32-x64-msvc": "4.60.4",
        "fsevents": "~2.3.2"
      }
    },
    "chat-application/chat-client/node_modules/rollup/node_modules/@types/estree": {
      "version": "1.0.8",
      "dev": true,
      "license": "MIT"
    },
    "chat-application/chat-client/node_modules/source-map-js": {
      "version": "1.2.1",
      "dev": true,
      "license": "BSD-3-Clause",
      "engines": {
        "node": ">=0.10.0"
      }
    },
    "chat-application/chat-client/node_modules/svelte": {
      "version": "5.55.8",
      "license": "MIT",
      "dependencies": {
        "@jridgewell/remapping": "^2.3.4",
        "@jridgewell/sourcemap-codec": "^1.5.0",
        "@sveltejs/acorn-typescript": "^1.0.5",
        "@types/estree": "^1.0.5",
        "@types/trusted-types": "^2.0.7",
        "acorn": "^8.12.1",
        "aria-query": "5.3.1",
        "axobject-query": "^4.1.0",
        "clsx": "^2.1.1",
        "devalue": "^5.8.1",
        "esm-env": "^1.2.1",
        "esrap": "^2.2.4",
        "is-reference": "^3.0.3",
        "locate-character": "^3.0.0",
        "magic-string": "^0.30.11",
        "zimmerframe": "^1.1.2"
      },
      "engines": {
        "node": ">=18"
      }
    },
    "chat-application/chat-client/node_modules/tinyglobby": {
      "version": "0.2.16",
      "dev": true,
      "license": "MIT",
      "dependencies": {
        "fdir": "^6.5.0",
        "picomatch": "^4.0.4"
      },
      "engines": {
        "node": ">=12.0.0"
      },
      "funding": {
        "url": "https://github.com/sponsors/SuperchupuDev"
      }
    },
    "chat-application/chat-client/node_modules/tinyglobby/node_modules/fdir": {
      "version": "6.5.0",
      "dev": true,
      "license": "MIT",
      "engines": {
        "node": ">=12.0.0"
      },
      "peerDependencies": {
        "picomatch": "^3 || ^4"
      },
      "peerDependenciesMeta": {
        "picomatch": {
          "optional": true
        }
      }
    },
    "chat-application/chat-client/node_modules/tinyglobby/node_modules/picomatch": {
      "version": "4.0.4",
      "dev": true,
      "license": "MIT",
      "engines": {
        "node": ">=12"
      },
      "funding": {
        "url": "https://github.com/sponsors/jonschlinkert"
      }
    },
    "chat-application/chat-client/node_modules/vite": {
      "version": "7.3.3",
      "dev": true,
      "license": "MIT",
      "dependencies": {
        "esbuild": "^0.27.0",
        "fdir": "^6.5.0",
        "picomatch": "^4.0.3",
        "postcss": "^8.5.6",
        "rollup": "^4.43.0",
        "tinyglobby": "^0.2.15"
      },
      "bin": {
        "vite": "bin/vite.js"
      },
      "engines": {
        "node": "^20.19.0 || >=22.12.0"
      },
      "funding": {
        "url": "https://github.com/vitejs/vite?sponsor=1"
      },
      "optionalDependencies": {
        "fsevents": "~2.3.3"
      },
      "peerDependencies": {
        "@types/node": "^20.19.0 || >=22.12.0",
        "jiti": ">=1.21.0",
        "less": "^4.0.0",
        "lightningcss": "^1.21.0",
        "sass": "^1.70.0",
        "sass-embedded": "^1.70.0",
        "stylus": ">=0.54.8",
        "sugarss": "^5.0.0",
        "terser": "^5.16.0",
        "tsx": "^4.8.1",
        "yaml": "^2.4.2"
      },
      "peerDependenciesMeta": {
        "@types/node": {
          "optional": true
        },
        "jiti": {
          "optional": true
        },
        "less": {
          "optional": true
        },
        "lightningcss": {
          "optional": true
        },
        "sass": {
          "optional": true
        },
        "sass-embedded": {
          "optional": true
        },
        "stylus": {
          "optional": true
        },
        "sugarss": {
          "optional": true
        },
        "terser": {
          "optional": true
        },
        "tsx": {
          "optional": true
        },
        "yaml": {
          "optional": true
        }
      }
    },
    "chat-application/chat-client/node_modules/vite/node_modules/fdir": {
      "version": "6.5.0",
      "dev": true,
      "license": "MIT",
      "engines": {
        "node": ">=12.0.0"
      },
      "peerDependencies": {
        "picomatch": "^3 || ^4"
      },
      "peerDependenciesMeta": {
        "picomatch": {
          "optional": true
        }
      }
    },
    "chat-application/chat-client/node_modules/vite/node_modules/picomatch": {
      "version": "4.0.4",
      "dev": true,
      "license": "MIT",
      "engines": {
        "node": ">=12"
      },
      "funding": {
        "url": "https://github.com/sponsors/jonschlinkert"
      }
    },
    "chat-application/chat-client/node_modules/vitefu": {
      "version": "1.1.3",
      "dev": true,
      "license": "MIT",
      "workspaces": [
        "tests/deps/*",
        "tests/projects/*",
        "tests/projects/workspace/packages/*"
      ],
      "peerDependencies": {
        "vite": "^3.0.0 || ^4.0.0 || ^5.0.0 || ^6.0.0 || ^7.0.0 || ^8.0.0"
      },
      "peerDependenciesMeta": {
        "vite": {
          "optional": true
        }
      }
    },
    "chat-application/chat-client/node_modules/zimmerframe": {
      "version": "1.1.4",
      "license": "MIT"
    },
    "chat-application/chat-server": {
      "version": "0.0.0",
      "dependencies": {
        "@vizualmodel/vmblu-runtime": "^0.4.0",
        "ws": "^8.18.0"
      },
      "devDependencies": {
        "@vizualmodel/vmblu-cli": "^0.5.4",
        "typescript": "^5.9.3"
      }
    },
    "chat-application/chat-server/node_modules/ws": {
      "version": "8.20.1",
      "license": "MIT",
      "engines": {
        "node": ">=10.0.0"
      },
      "peerDependencies": {
        "bufferutil": "^4.0.1",
        "utf-8-validate": ">=5.0.2"
      },
      "peerDependenciesMeta": {
        "bufferutil": {
          "optional": true
        },
        "utf-8-validate": {
          "optional": true
        }
      }
    },
    "node_modules/@nodelib/fs.scandir": {
      "version": "2.1.5",
      "resolved": "https://registry.npmjs.org/@nodelib/fs.scandir/-/fs.scandir-2.1.5.tgz",
      "integrity": "sha512-vq24Bq3ym5HEQm2NKCr3yXDwjc7vTsEThRDnkp2DK9p1uqLR+DHurm/NOTo0KG7HYHU7eppKZj3MyqYuMBf62g==",
      "dev": true,
      "dependencies": {
        "@nodelib/fs.stat": "2.0.5",
        "run-parallel": "^1.1.9"
      },
      "engines": {
        "node": ">= 8"
      }
    },
    "node_modules/@nodelib/fs.stat": {
      "version": "2.0.5",
      "resolved": "https://registry.npmjs.org/@nodelib/fs.stat/-/fs.stat-2.0.5.tgz",
      "integrity": "sha512-RkhPPp2zrqDAQA/2jNhnztcPAlv64XdhIp7a7454A5ovI7Bukxgt7MX7udwAu3zg1DcpPU0rz3VV1SeaqvY4+A==",
      "dev": true,
      "engines": {
        "node": ">= 8"
      }
    },
    "node_modules/@nodelib/fs.walk": {
      "version": "1.2.8",
      "resolved": "https://registry.npmjs.org/@nodelib/fs.walk/-/fs.walk-1.2.8.tgz",
      "integrity": "sha512-oGB+UxlgWcgQkgwo8GcEGwemoTFt3FIO9ababBmaGwXIoBKZ+GTy0pP185beGg7Llih/NSHSV2XAs1lnznocSg==",
      "dev": true,
      "dependencies": {
        "@nodelib/fs.scandir": "2.1.5",
        "fastq": "^1.6.0"
      },
      "engines": {
        "node": ">= 8"
      }
    },
    "node_modules/@ts-morph/common": {
      "version": "0.27.0",
      "resolved": "https://registry.npmjs.org/@ts-morph/common/-/common-0.27.0.tgz",
      "integrity": "sha512-Wf29UqxWDpc+i61k3oIOzcUfQt79PIT9y/MWfAGlrkjg6lBC1hwDECLXPVJAhWjiGbfBCxZd65F/LIZF3+jeJQ==",
      "dev": true,
      "dependencies": {
        "fast-glob": "^3.3.3",
        "minimatch": "^10.0.1",
        "path-browserify": "^1.0.1"
      }
    },
    "node_modules/@vizualmodel/vmblu-cli": {
      "version": "0.5.7",
      "resolved": "https://registry.npmjs.org/@vizualmodel/vmblu-cli/-/vmblu-cli-0.5.7.tgz",
      "integrity": "sha512-3+31MF664NnX5CYjfUPgm+GpDpVrTdG6yLig9YryTZNZPW+o0HW3/mw0jCDw/BrExo5Anv3jqYy8kv3Q/2bcbw==",
      "dev": true,
      "dependencies": {
        "@vizualmodel/vmblu-core": "0.5.7",
        "@vizualmodel/vmblu-runtime": "0.5.6",
        "ts-morph": "^26.0.0",
        "typescript": "^5.8.3"
      },
      "bin": {
        "vmblu": "bin/vmblu.js"
      },
      "engines": {
        "node": ">=18"
      }
    },
    "node_modules/@vizualmodel/vmblu-cli/node_modules/@vizualmodel/vmblu-runtime": {
      "version": "0.5.6",
      "resolved": "https://registry.npmjs.org/@vizualmodel/vmblu-runtime/-/vmblu-runtime-0.5.6.tgz",
      "integrity": "sha512-k6xk40kJRIoN+GozOCh1DkSVQhUqFFG1pUzWOUWBKjVIkEVEiF6ovdVDB4+pi+R01JSe+pn8Jmz9BDsYhLVZgw==",
      "dev": true,
      "license": "Apache-2.0",
      "engines": {
        "node": ">=18"
      }
    },
    "node_modules/@vizualmodel/vmblu-core": {
      "version": "0.5.7",
      "resolved": "https://registry.npmjs.org/@vizualmodel/vmblu-core/-/vmblu-core-0.5.7.tgz",
      "integrity": "sha512-qshSzupNxUQElrMiV+YCc5UWCCmMbWnehBPw/iqvWWHuqpW8L5yV/CeA4ERghXh948VMx6d3dbtrs0PtZHN/vw==",
      "dev": true,
      "dependencies": {
        "elkjs": "^0.11.1"
      }
    },
    "node_modules/@vizualmodel/vmblu-runtime": {
      "version": "0.4.0",
      "resolved": "https://registry.npmjs.org/@vizualmodel/vmblu-runtime/-/vmblu-runtime-0.4.0.tgz",
      "integrity": "sha512-arYs4lgmaQz3bP6CfBArvVEbsr2NefSlVdkcQj+wO2Zw3FmeXVDUKRBHHKxFDdCboUdRMLJg1D0QuykI/CTwVQ==",
      "engines": {
        "node": ">=18"
      }
    },
    "node_modules/balanced-match": {
      "version": "4.0.4",
      "resolved": "https://registry.npmjs.org/balanced-match/-/balanced-match-4.0.4.tgz",
      "integrity": "sha512-BLrgEcRTwX2o6gGxGOCNyMvGSp35YofuYzw9h1IMTRmKqttAZZVU67bdb9Pr2vUHA8+j3i2tJfjO6C6+4myGTA==",
      "dev": true,
      "engines": {
        "node": "18 || 20 || >=22"
      }
    },
    "node_modules/brace-expansion": {
      "version": "5.0.6",
      "resolved": "https://registry.npmjs.org/brace-expansion/-/brace-expansion-5.0.6.tgz",
      "integrity": "sha512-kLpxurY4Z4r9sgMsyG0Z9uzsBlgiU/EFKhj/h91/8yHu0edo7XuixOIH3VcJ8kkxs6/jPzoI6U9Vj3WqbMQ94g==",
      "dev": true,
      "dependencies": {
        "balanced-match": "^4.0.2"
      },
      "engines": {
        "node": "18 || 20 || >=22"
      }
    },
    "node_modules/braces": {
      "version": "3.0.3",
      "resolved": "https://registry.npmjs.org/braces/-/braces-3.0.3.tgz",
      "integrity": "sha512-yQbXgO/OSZVD2IsiLlro+7Hf6Q18EJrKSEsdoMzKePKXct3gvD8oLcOQdIzGupr5Fj+EDe8gO/lxc1BzfMpxvA==",
      "dev": true,
      "dependencies": {
        "fill-range": "^7.1.1"
      },
      "engines": {
        "node": ">=8"
      }
    },
    "node_modules/chat-client": {
      "resolved": "chat-application/chat-client",
      "link": true
    },
    "node_modules/chat-server": {
      "resolved": "chat-application/chat-server",
      "link": true
    },
    "node_modules/code-block-writer": {
      "version": "13.0.3",
      "resolved": "https://registry.npmjs.org/code-block-writer/-/code-block-writer-13.0.3.tgz",
      "integrity": "sha512-Oofo0pq3IKnsFtuHqSF7TqBfr71aeyZDVJ0HpmqB7FBM2qEigL0iPONSCZSO9pE9dZTAxANe5XHG9Uy0YMv8cg==",
      "dev": true
    },
    "node_modules/elkjs": {
      "version": "0.11.1",
      "resolved": "https://registry.npmjs.org/elkjs/-/elkjs-0.11.1.tgz",
      "integrity": "sha512-zxxR9k+rx5ktMwT/FwyLdPCrq7xN6e4VGGHH8hA01vVYKjTFik7nHOxBnAYtrgYUB1RpAiLvA1/U2YraWxyKKg==",
      "dev": true,
      "license": "EPL-2.0"
    },
    "node_modules/fast-glob": {
      "version": "3.3.3",
      "resolved": "https://registry.npmjs.org/fast-glob/-/fast-glob-3.3.3.tgz",
      "integrity": "sha512-7MptL8U0cqcFdzIzwOTHoilX9x5BrNqye7Z/LuC7kCMRio1EMSyqRK3BEAUD7sXRq4iT4AzTVuZdhgQ2TCvYLg==",
      "dev": true,
      "dependencies": {
        "@nodelib/fs.stat": "^2.0.2",
        "@nodelib/fs.walk": "^1.2.3",
        "glob-parent": "^5.1.2",
        "merge2": "^1.3.0",
        "micromatch": "^4.0.8"
      },
      "engines": {
        "node": ">=8.6.0"
      }
    },
    "node_modules/fastq": {
      "version": "1.20.1",
      "resolved": "https://registry.npmjs.org/fastq/-/fastq-1.20.1.tgz",
      "integrity": "sha512-GGToxJ/w1x32s/D2EKND7kTil4n8OVk/9mycTc4VDza13lOvpUZTGX3mFSCtV9ksdGBVzvsyAVLM6mHFThxXxw==",
      "dev": true,
      "dependencies": {
        "reusify": "^1.0.4"
      }
    },
    "node_modules/fill-range": {
      "version": "7.1.1",
      "resolved": "https://registry.npmjs.org/fill-range/-/fill-range-7.1.1.tgz",
      "integrity": "sha512-YsGpe3WHLK8ZYi4tWDg2Jy3ebRz2rXowDxnld4bkQB00cc/1Zw9AWnC0i9ztDJitivtQvaI9KaLyKrc+hBW0yg==",
      "dev": true,
      "dependencies": {
        "to-regex-range": "^5.0.1"
      },
      "engines": {
        "node": ">=8"
      }
    },
    "node_modules/glob-parent": {
      "version": "5.1.2",
      "resolved": "https://registry.npmjs.org/glob-parent/-/glob-parent-5.1.2.tgz",
      "integrity": "sha512-AOIgSQCepiJYwP3ARnGx+5VnTu2HBYdzbGP45eLw1vr3zB3vZLeyed1sC9hnbcOc9/SrMyM5RPQrkGz4aS9Zow==",
      "dev": true,
      "dependencies": {
        "is-glob": "^4.0.1"
      },
      "engines": {
        "node": ">= 6"
      }
    },
    "node_modules/is-extglob": {
      "version": "2.1.1",
      "resolved": "https://registry.npmjs.org/is-extglob/-/is-extglob-2.1.1.tgz",
      "integrity": "sha512-SbKbANkN603Vi4jEZv49LeVJMn4yGwsbzZworEoyEiutsN3nJYdbO36zfhGJ6QEDpOZIFkDtnq5JRxmvl3jsoQ==",
      "dev": true,
      "engines": {
        "node": ">=0.10.0"
      }
    },
    "node_modules/is-glob": {
      "version": "4.0.3",
      "resolved": "https://registry.npmjs.org/is-glob/-/is-glob-4.0.3.tgz",
      "integrity": "sha512-xelSayHH36ZgE7ZWhli7pW34hNbNl8Ojv5KVmkJD4hBdD3th8Tfk9vYasLM+mXWOZhFkgZfxhLSnrwRr4elSSg==",
      "dev": true,
      "dependencies": {
        "is-extglob": "^2.1.1"
      },
      "engines": {
        "node": ">=0.10.0"
      }
    },
    "node_modules/is-number": {
      "version": "7.0.0",
      "resolved": "https://registry.npmjs.org/is-number/-/is-number-7.0.0.tgz",
      "integrity": "sha512-41Cifkg6e8TylSpdtTpeLVMqvSBEVzTttHvERD741+pnZ8ANv0004MRL43QKPDlK9cGvNp6NZWZUBlbGXYxxng==",
      "dev": true,
      "engines": {
        "node": ">=0.12.0"
      }
    },
    "node_modules/merge2": {
      "version": "1.4.1",
      "resolved": "https://registry.npmjs.org/merge2/-/merge2-1.4.1.tgz",
      "integrity": "sha512-8q7VEgMJW4J8tcfVPy8g09NcQwZdbwFEqhe/WZkoIzjn/3TGDwtOCYtXGxA3O8tPzpczCCDgv+P2P5y00ZJOOg==",
      "dev": true,
      "engines": {
        "node": ">= 8"
      }
    },
    "node_modules/micromatch": {
      "version": "4.0.8",
      "resolved": "https://registry.npmjs.org/micromatch/-/micromatch-4.0.8.tgz",
      "integrity": "sha512-PXwfBhYu0hBCPw8Dn0E+WDYb7af3dSLVWKi3HGv84IdF4TyFoC0ysxFd0Goxw7nSv4T/PzEJQxsYsEiFCKo2BA==",
      "dev": true,
      "dependencies": {
        "braces": "^3.0.3",
        "picomatch": "^2.3.1"
      },
      "engines": {
        "node": ">=8.6"
      }
    },
    "node_modules/minimatch": {
      "version": "10.2.5",
      "resolved": "https://registry.npmjs.org/minimatch/-/minimatch-10.2.5.tgz",
      "integrity": "sha512-MULkVLfKGYDFYejP07QOurDLLQpcjk7Fw+7jXS2R2czRQzR56yHRveU5NDJEOviH+hETZKSkIk5c+T23GjFUMg==",
      "dev": true,
      "dependencies": {
        "brace-expansion": "^5.0.5"
      },
      "engines": {
        "node": "18 || 20 || >=22"
      },
      "funding": {
        "url": "https://github.com/sponsors/isaacs"
      }
    },
    "node_modules/path-browserify": {
      "version": "1.0.1",
      "resolved": "https://registry.npmjs.org/path-browserify/-/path-browserify-1.0.1.tgz",
      "integrity": "sha512-b7uo2UCUOYZcnF/3ID0lulOJi/bafxa1xPe7ZPsammBSpjSWQkjNxlt635YGS2MiR9GjvuXCtz2emr3jbsz98g==",
      "dev": true
    },
    "node_modules/picomatch": {
      "version": "2.3.2",
      "resolved": "https://registry.npmjs.org/picomatch/-/picomatch-2.3.2.tgz",
      "integrity": "sha512-V7+vQEJ06Z+c5tSye8S+nHUfI51xoXIXjHQ99cQtKUkQqqO1kO/KCJUfZXuB47h/YBlDhah2H3hdUGXn8ie0oA==",
      "dev": true,
      "engines": {
        "node": ">=8.6"
      },
      "funding": {
        "url": "https://github.com/sponsors/jonschlinkert"
      }
    },
    "node_modules/queue-microtask": {
      "version": "1.2.3",
      "resolved": "https://registry.npmjs.org/queue-microtask/-/queue-microtask-1.2.3.tgz",
      "integrity": "sha512-NuaNSa6flKT5JaSYQzJok04JzTL1CA6aGhv5rfLW3PgqA+M2ChpZQnAC8h8i4ZFkBS8X5RqkDBHA7r4hej3K9A==",
      "dev": true,
      "funding": [
        {
          "type": "github",
          "url": "https://github.com/sponsors/feross"
        },
        {
          "type": "patreon",
          "url": "https://www.patreon.com/feross"
        },
        {
          "type": "consulting",
          "url": "https://feross.org/support"
        }
      ]
    },
    "node_modules/reusify": {
      "version": "1.1.0",
      "resolved": "https://registry.npmjs.org/reusify/-/reusify-1.1.0.tgz",
      "integrity": "sha512-g6QUff04oZpHs0eG5p83rFLhHeV00ug/Yf9nZM6fLeUrPguBTkTQOdpAWWspMh55TZfVQDPaN3NQJfbVRAxdIw==",
      "dev": true,
      "engines": {
        "iojs": ">=1.0.0",
        "node": ">=0.10.0"
      }
    },
    "node_modules/run-parallel": {
      "version": "1.2.0",
      "resolved": "https://registry.npmjs.org/run-parallel/-/run-parallel-1.2.0.tgz",
      "integrity": "sha512-5l4VyZR86LZ/lDxZTR6jqL8AFE2S0IFLMP26AbjsLVADxHdhB/c0GUsH+y39UfCi3dzz8OlQuPmnaJOMoDHQBA==",
      "dev": true,
      "funding": [
        {
          "type": "github",
          "url": "https://github.com/sponsors/feross"
        },
        {
          "type": "patreon",
          "url": "https://www.patreon.com/feross"
        },
        {
          "type": "consulting",
          "url": "https://feross.org/support"
        }
      ],
      "dependencies": {
        "queue-microtask": "^1.2.2"
      }
    },
    "node_modules/solar-system": {
      "resolved": "solar-system",
      "link": true
    },
    "node_modules/to-regex-range": {
      "version": "5.0.1",
      "resolved": "https://registry.npmjs.org/to-regex-range/-/to-regex-range-5.0.1.tgz",
      "integrity": "sha512-65P7iz6X5yEr1cwcgvQxbbIw7Uk3gOy5dIdtZ4rDveLqhrdJP+Li/Hx6tyK0NEb+2GCyneCMJiGqrADCSNk8sQ==",
      "dev": true,
      "dependencies": {
        "is-number": "^7.0.0"
      },
      "engines": {
        "node": ">=8.0"
      }
    },
    "node_modules/ts-morph": {
      "version": "26.0.0",
      "resolved": "https://registry.npmjs.org/ts-morph/-/ts-morph-26.0.0.tgz",
      "integrity": "sha512-ztMO++owQnz8c/gIENcM9XfCEzgoGphTv+nKpYNM1bgsdOVC/jRZuEBf6N+mLLDNg68Kl+GgUZfOySaRiG1/Ug==",
      "dev": true,
      "dependencies": {
        "@ts-morph/common": "~0.27.0",
        "code-block-writer": "^13.0.3"
      }
    },
    "node_modules/typescript": {
      "version": "5.9.3",
      "resolved": "https://registry.npmjs.org/typescript/-/typescript-5.9.3.tgz",
      "integrity": "sha512-jl1vZzPDinLr9eUt3J/t7V6FgNEw9QjvBPdysz9KfQDD41fQrC2Y4vKQdiaUpFT4bXlb1RHhLpp8wtm6M5TgSw==",
      "dev": true,
      "bin": {
        "tsc": "bin/tsc",
        "tsserver": "bin/tsserver"
      },
      "engines": {
        "node": ">=14.17"
      }
    },
    "solar-system": {
      "version": "0.0.0",
      "dependencies": {
        "@vizualmodel/vmblu-runtime": "^0.4.0",
        "d3": "^7.9.0",
        "three": "^0.180.0"
      },
      "devDependencies": {
        "@vizualmodel/vmblu-cli": "^0.5.4",
        "typescript": "^5.9.3",
        "vite": "^7.1.12"
      }
    },
    "solar-system/node_modules/@esbuild/win32-x64": {
      "version": "0.27.3",
      "cpu": [
        "x64"
      ],
      "dev": true,
      "license": "MIT",
      "optional": true,
      "os": [
        "win32"
      ],
      "engines": {
        "node": ">=18"
      }
    },
    "solar-system/node_modules/@rollup/rollup-win32-x64-gnu": {
      "version": "4.59.0",
      "cpu": [
        "x64"
      ],
      "dev": true,
      "license": "MIT",
      "optional": true,
      "os": [
        "win32"
      ]
    },
    "solar-system/node_modules/@rollup/rollup-win32-x64-msvc": {
      "version": "4.59.0",
      "cpu": [
        "x64"
      ],
      "dev": true,
      "license": "MIT",
      "optional": true,
      "os": [
        "win32"
      ]
    },
    "solar-system/node_modules/@types/estree": {
      "version": "1.0.8",
      "dev": true,
      "license": "MIT"
    },
    "solar-system/node_modules/commander": {
      "version": "7.2.0",
      "license": "MIT",
      "engines": {
        "node": ">= 10"
      }
    },
    "solar-system/node_modules/d3": {
      "version": "7.9.0",
      "license": "ISC",
      "dependencies": {
        "d3-array": "3",
        "d3-axis": "3",
        "d3-brush": "3",
        "d3-chord": "3",
        "d3-color": "3",
        "d3-contour": "4",
        "d3-delaunay": "6",
        "d3-dispatch": "3",
        "d3-drag": "3",
        "d3-dsv": "3",
        "d3-ease": "3",
        "d3-fetch": "3",
        "d3-force": "3",
        "d3-format": "3",
        "d3-geo": "3",
        "d3-hierarchy": "3",
        "d3-interpolate": "3",
        "d3-path": "3",
        "d3-polygon": "3",
        "d3-quadtree": "3",
        "d3-random": "3",
        "d3-scale": "4",
        "d3-scale-chromatic": "3",
        "d3-selection": "3",
        "d3-shape": "3",
        "d3-time": "3",
        "d3-time-format": "4",
        "d3-timer": "3",
        "d3-transition": "3",
        "d3-zoom": "3"
      },
      "engines": {
        "node": ">=12"
      }
    },
    "solar-system/node_modules/d3-array": {
      "version": "3.2.4",
      "license": "ISC",
      "dependencies": {
        "internmap": "1 - 2"
      },
      "engines": {
        "node": ">=12"
      }
    },
    "solar-system/node_modules/d3-axis": {
      "version": "3.0.0",
      "license": "ISC",
      "engines": {
        "node": ">=12"
      }
    },
    "solar-system/node_modules/d3-brush": {
      "version": "3.0.0",
      "license": "ISC",
      "dependencies": {
        "d3-dispatch": "1 - 3",
        "d3-drag": "2 - 3",
        "d3-interpolate": "1 - 3",
        "d3-selection": "3",
        "d3-transition": "3"
      },
      "engines": {
        "node": ">=12"
      }
    },
    "solar-system/node_modules/d3-chord": {
      "version": "3.0.1",
      "license": "ISC",
      "dependencies": {
        "d3-path": "1 - 3"
      },
      "engines": {
        "node": ">=12"
      }
    },
    "solar-system/node_modules/d3-color": {
      "version": "3.1.0",
      "license": "ISC",
      "engines": {
        "node": ">=12"
      }
    },
    "solar-system/node_modules/d3-contour": {
      "version": "4.0.2",
      "license": "ISC",
      "dependencies": {
        "d3-array": "^3.2.0"
      },
      "engines": {
        "node": ">=12"
      }
    },
    "solar-system/node_modules/d3-delaunay": {
      "version": "6.0.4",
      "license": "ISC",
      "dependencies": {
        "delaunator": "5"
      },
      "engines": {
        "node": ">=12"
      }
    },
    "solar-system/node_modules/d3-dispatch": {
      "version": "3.0.1",
      "license": "ISC",
      "engines": {
        "node": ">=12"
      }
    },
    "solar-system/node_modules/d3-drag": {
      "version": "3.0.0",
      "license": "ISC",
      "dependencies": {
        "d3-dispatch": "1 - 3",
        "d3-selection": "3"
      },
      "engines": {
        "node": ">=12"
      }
    },
    "solar-system/node_modules/d3-dsv": {
      "version": "3.0.1",
      "license": "ISC",
      "dependencies": {
        "commander": "7",
        "iconv-lite": "0.6",
        "rw": "1"
      },
      "bin": {
        "csv2json": "bin/dsv2json.js",
        "csv2tsv": "bin/dsv2dsv.js",
        "dsv2dsv": "bin/dsv2dsv.js",
        "dsv2json": "bin/dsv2json.js",
        "json2csv": "bin/json2dsv.js",
        "json2dsv": "bin/json2dsv.js",
        "json2tsv": "bin/json2dsv.js",
        "tsv2csv": "bin/dsv2dsv.js",
        "tsv2json": "bin/dsv2json.js"
      },
      "engines": {
        "node": ">=12"
      }
    },
    "solar-system/node_modules/d3-ease": {
      "version": "3.0.1",
      "license": "BSD-3-Clause",
      "engines": {
        "node": ">=12"
      }
    },
    "solar-system/node_modules/d3-fetch": {
      "version": "3.0.1",
      "license": "ISC",
      "dependencies": {
        "d3-dsv": "1 - 3"
      },
      "engines": {
        "node": ">=12"
      }
    },
    "solar-system/node_modules/d3-force": {
      "version": "3.0.0",
      "license": "ISC",
      "dependencies": {
        "d3-dispatch": "1 - 3",
        "d3-quadtree": "1 - 3",
        "d3-timer": "1 - 3"
      },
      "engines": {
        "node": ">=12"
      }
    },
    "solar-system/node_modules/d3-format": {
      "version": "3.1.2",
      "license": "ISC",
      "engines": {
        "node": ">=12"
      }
    },
    "solar-system/node_modules/d3-geo": {
      "version": "3.1.1",
      "license": "ISC",
      "dependencies": {
        "d3-array": "2.5.0 - 3"
      },
      "engines": {
        "node": ">=12"
      }
    },
    "solar-system/node_modules/d3-hierarchy": {
      "version": "3.1.2",
      "license": "ISC",
      "engines": {
        "node": ">=12"
      }
    },
    "solar-system/node_modules/d3-interpolate": {
      "version": "3.0.1",
      "license": "ISC",
      "dependencies": {
        "d3-color": "1 - 3"
      },
      "engines": {
        "node": ">=12"
      }
    },
    "solar-system/node_modules/d3-path": {
      "version": "3.1.0",
      "license": "ISC",
      "engines": {
        "node": ">=12"
      }
    },
    "solar-system/node_modules/d3-polygon": {
      "version": "3.0.1",
      "license": "ISC",
      "engines": {
        "node": ">=12"
      }
    },
    "solar-system/node_modules/d3-quadtree": {
      "version": "3.0.1",
      "license": "ISC",
      "engines": {
        "node": ">=12"
      }
    },
    "solar-system/node_modules/d3-random": {
      "version": "3.0.1",
      "license": "ISC",
      "engines": {
        "node": ">=12"
      }
    },
    "solar-system/node_modules/d3-scale": {
      "version": "4.0.2",
      "license": "ISC",
      "dependencies": {
        "d3-array": "2.10.0 - 3",
        "d3-format": "1 - 3",
        "d3-interpolate": "1.2.0 - 3",
        "d3-time": "2.1.1 - 3",
        "d3-time-format": "2 - 4"
      },
      "engines": {
        "node": ">=12"
      }
    },
    "solar-system/node_modules/d3-scale-chromatic": {
      "version": "3.1.0",
      "license": "ISC",
      "dependencies": {
        "d3-color": "1 - 3",
        "d3-interpolate": "1 - 3"
      },
      "engines": {
        "node": ">=12"
      }
    },
    "solar-system/node_modules/d3-selection": {
      "version": "3.0.0",
      "license": "ISC",
      "engines": {
        "node": ">=12"
      }
    },
    "solar-system/node_modules/d3-shape": {
      "version": "3.2.0",
      "license": "ISC",
      "dependencies": {
        "d3-path": "^3.1.0"
      },
      "engines": {
        "node": ">=12"
      }
    },
    "solar-system/node_modules/d3-time": {
      "version": "3.1.0",
      "license": "ISC",
      "dependencies": {
        "d3-array": "2 - 3"
      },
      "engines": {
        "node": ">=12"
      }
    },
    "solar-system/node_modules/d3-time-format": {
      "version": "4.1.0",
      "license": "ISC",
      "dependencies": {
        "d3-time": "1 - 3"
      },
      "engines": {
        "node": ">=12"
      }
    },
    "solar-system/node_modules/d3-timer": {
      "version": "3.0.1",
      "license": "ISC",
      "engines": {
        "node": ">=12"
      }
    },
    "solar-system/node_modules/d3-transition": {
      "version": "3.0.1",
      "license": "ISC",
      "dependencies": {
        "d3-color": "1 - 3",
        "d3-dispatch": "1 - 3",
        "d3-ease": "1 - 3",
        "d3-interpolate": "1 - 3",
        "d3-timer": "1 - 3"
      },
      "engines": {
        "node": ">=12"
      },
      "peerDependencies": {
        "d3-selection": "2 - 3"
      }
    },
    "solar-system/node_modules/d3-zoom": {
      "version": "3.0.0",
      "license": "ISC",
      "dependencies": {
        "d3-dispatch": "1 - 3",
        "d3-drag": "2 - 3",
        "d3-interpolate": "1 - 3",
        "d3-selection": "2 - 3",
        "d3-transition": "2 - 3"
      },
      "engines": {
        "node": ">=12"
      }
    },
    "solar-system/node_modules/delaunator": {
      "version": "5.0.1",
      "license": "ISC",
      "dependencies": {
        "robust-predicates": "^3.0.2"
      }
    },
    "solar-system/node_modules/esbuild": {
      "version": "0.27.3",
      "dev": true,
      "hasInstallScript": true,
      "license": "MIT",
      "bin": {
        "esbuild": "bin/esbuild"
      },
      "engines": {
        "node": ">=18"
      },
      "optionalDependencies": {
        "@esbuild/aix-ppc64": "0.27.3",
        "@esbuild/android-arm": "0.27.3",
        "@esbuild/android-arm64": "0.27.3",
        "@esbuild/android-x64": "0.27.3",
        "@esbuild/darwin-arm64": "0.27.3",
        "@esbuild/darwin-x64": "0.27.3",
        "@esbuild/freebsd-arm64": "0.27.3",
        "@esbuild/freebsd-x64": "0.27.3",
        "@esbuild/linux-arm": "0.27.3",
        "@esbuild/linux-arm64": "0.27.3",
        "@esbuild/linux-ia32": "0.27.3",
        "@esbuild/linux-loong64": "0.27.3",
        "@esbuild/linux-mips64el": "0.27.3",
        "@esbuild/linux-ppc64": "0.27.3",
        "@esbuild/linux-riscv64": "0.27.3",
        "@esbuild/linux-s390x": "0.27.3",
        "@esbuild/linux-x64": "0.27.3",
        "@esbuild/netbsd-arm64": "0.27.3",
        "@esbuild/netbsd-x64": "0.27.3",
        "@esbuild/openbsd-arm64": "0.27.3",
        "@esbuild/openbsd-x64": "0.27.3",
        "@esbuild/openharmony-arm64": "0.27.3",
        "@esbuild/sunos-x64": "0.27.3",
        "@esbuild/win32-arm64": "0.27.3",
        "@esbuild/win32-ia32": "0.27.3",
        "@esbuild/win32-x64": "0.27.3"
      }
    },
    "solar-system/node_modules/iconv-lite": {
      "version": "0.6.3",
      "license": "MIT",
      "dependencies": {
        "safer-buffer": ">= 2.1.2 < 3.0.0"
      },
      "engines": {
        "node": ">=0.10.0"
      }
    },
    "solar-system/node_modules/internmap": {
      "version": "2.0.3",
      "license": "ISC",
      "engines": {
        "node": ">=12"
      }
    },
    "solar-system/node_modules/nanoid": {
      "version": "3.3.11",
      "dev": true,
      "funding": [
        {
          "type": "github",
          "url": "https://github.com/sponsors/ai"
        }
      ],
      "license": "MIT",
      "bin": {
        "nanoid": "bin/nanoid.cjs"
      },
      "engines": {
        "node": "^10 || ^12 || ^13.7 || ^14 || >=15.0.1"
      }
    },
    "solar-system/node_modules/picocolors": {
      "version": "1.1.1",
      "dev": true,
      "license": "ISC"
    },
    "solar-system/node_modules/postcss": {
      "version": "8.5.6",
      "dev": true,
      "funding": [
        {
          "type": "opencollective",
          "url": "https://opencollective.com/postcss/"
        },
        {
          "type": "tidelift",
          "url": "https://tidelift.com/funding/github/npm/postcss"
        },
        {
          "type": "github",
          "url": "https://github.com/sponsors/ai"
        }
      ],
      "license": "MIT",
      "dependencies": {
        "nanoid": "^3.3.11",
        "picocolors": "^1.1.1",
        "source-map-js": "^1.2.1"
      },
      "engines": {
        "node": "^10 || ^12 || >=14"
      }
    },
    "solar-system/node_modules/robust-predicates": {
      "version": "3.0.2",
      "license": "Unlicense"
    },
    "solar-system/node_modules/rollup": {
      "version": "4.59.0",
      "dev": true,
      "license": "MIT",
      "dependencies": {
        "@types/estree": "1.0.8"
      },
      "bin": {
        "rollup": "dist/bin/rollup"
      },
      "engines": {
        "node": ">=18.0.0",
        "npm": ">=8.0.0"
      },
      "optionalDependencies": {
        "@rollup/rollup-android-arm-eabi": "4.59.0",
        "@rollup/rollup-android-arm64": "4.59.0",
        "@rollup/rollup-darwin-arm64": "4.59.0",
        "@rollup/rollup-darwin-x64": "4.59.0",
        "@rollup/rollup-freebsd-arm64": "4.59.0",
        "@rollup/rollup-freebsd-x64": "4.59.0",
        "@rollup/rollup-linux-arm-gnueabihf": "4.59.0",
        "@rollup/rollup-linux-arm-musleabihf": "4.59.0",
        "@rollup/rollup-linux-arm64-gnu": "4.59.0",
        "@rollup/rollup-linux-arm64-musl": "4.59.0",
        "@rollup/rollup-linux-loong64-gnu": "4.59.0",
        "@rollup/rollup-linux-loong64-musl": "4.59.0",
        "@rollup/rollup-linux-ppc64-gnu": "4.59.0",
        "@rollup/rollup-linux-ppc64-musl": "4.59.0",
        "@rollup/rollup-linux-riscv64-gnu": "4.59.0",
        "@rollup/rollup-linux-riscv64-musl": "4.59.0",
        "@rollup/rollup-linux-s390x-gnu": "4.59.0",
        "@rollup/rollup-linux-x64-gnu": "4.59.0",
        "@rollup/rollup-linux-x64-musl": "4.59.0",
        "@rollup/rollup-openbsd-x64": "4.59.0",
        "@rollup/rollup-openharmony-arm64": "4.59.0",
        "@rollup/rollup-win32-arm64-msvc": "4.59.0",
        "@rollup/rollup-win32-ia32-msvc": "4.59.0",
        "@rollup/rollup-win32-x64-gnu": "4.59.0",
        "@rollup/rollup-win32-x64-msvc": "4.59.0",
        "fsevents": "~2.3.2"
      }
    },
    "solar-system/node_modules/rw": {
      "version": "1.3.3",
      "license": "BSD-3-Clause"
    },
    "solar-system/node_modules/safer-buffer": {
      "version": "2.1.2",
      "license": "MIT"
    },
    "solar-system/node_modules/source-map-js": {
      "version": "1.2.1",
      "dev": true,
      "license": "BSD-3-Clause",
      "engines": {
        "node": ">=0.10.0"
      }
    },
    "solar-system/node_modules/three": {
      "version": "0.180.0",
      "license": "MIT"
    },
    "solar-system/node_modules/tinyglobby": {
      "version": "0.2.15",
      "dev": true,
      "license": "MIT",
      "dependencies": {
        "fdir": "^6.5.0",
        "picomatch": "^4.0.3"
      },
      "engines": {
        "node": ">=12.0.0"
      },
      "funding": {
        "url": "https://github.com/sponsors/SuperchupuDev"
      }
    },
    "solar-system/node_modules/tinyglobby/node_modules/fdir": {
      "version": "6.5.0",
      "dev": true,
      "license": "MIT",
      "engines": {
        "node": ">=12.0.0"
      },
      "peerDependencies": {
        "picomatch": "^3 || ^4"
      },
      "peerDependenciesMeta": {
        "picomatch": {
          "optional": true
        }
      }
    },
    "solar-system/node_modules/tinyglobby/node_modules/picomatch": {
      "version": "4.0.3",
      "dev": true,
      "license": "MIT",
      "engines": {
        "node": ">=12"
      },
      "funding": {
        "url": "https://github.com/sponsors/jonschlinkert"
      }
    },
    "solar-system/node_modules/vite": {
      "version": "7.3.1",
      "dev": true,
      "license": "MIT",
      "dependencies": {
        "esbuild": "^0.27.0",
        "fdir": "^6.5.0",
        "picomatch": "^4.0.3",
        "postcss": "^8.5.6",
        "rollup": "^4.43.0",
        "tinyglobby": "^0.2.15"
      },
      "bin": {
        "vite": "bin/vite.js"
      },
      "engines": {
        "node": "^20.19.0 || >=22.12.0"
      },
      "funding": {
        "url": "https://github.com/vitejs/vite?sponsor=1"
      },
      "optionalDependencies": {
        "fsevents": "~2.3.3"
      },
      "peerDependencies": {
        "@types/node": "^20.19.0 || >=22.12.0",
        "jiti": ">=1.21.0",
        "less": "^4.0.0",
        "lightningcss": "^1.21.0",
        "sass": "^1.70.0",
        "sass-embedded": "^1.70.0",
        "stylus": ">=0.54.8",
        "sugarss": "^5.0.0",
        "terser": "^5.16.0",
        "tsx": "^4.8.1",
        "yaml": "^2.4.2"
      },
      "peerDependenciesMeta": {
        "@types/node": {
          "optional": true
        },
        "jiti": {
          "optional": true
        },
        "less": {
          "optional": true
        },
        "lightningcss": {
          "optional": true
        },
        "sass": {
          "optional": true
        },
        "sass-embedded": {
          "optional": true
        },
        "stylus": {
          "optional": true
        },
        "sugarss": {
          "optional": true
        },
        "terser": {
          "optional": true
        },
        "tsx": {
          "optional": true
        },
        "yaml": {
          "optional": true
        }
      }
    },
    "solar-system/node_modules/vite/node_modules/fdir": {
      "version": "6.5.0",
      "dev": true,
      "license": "MIT",
      "engines": {
        "node": ">=12.0.0"
      },
      "peerDependencies": {
        "picomatch": "^3 || ^4"
      },
      "peerDependenciesMeta": {
        "picomatch": {
          "optional": true
        }
      }
    },
    "solar-system/node_modules/vite/node_modules/picomatch": {
      "version": "4.0.3",
      "dev": true,
      "license": "MIT",
      "engines": {
        "node": ">=12"
      },
      "funding": {
        "url": "https://github.com/sponsors/jonschlinkert"
      }
    }
  }
}
